
Microsoft Visual Studio Solution File, Format Version 12.00
# Visual Studio Version 17
VisualStudioVersion = 17.2.32616.157
MinimumVisualStudioVersion = 10.0.40219.1
Project("{FAE04EC0-301F-11D3-BF4B-00C04F79EFBC}") = "TangyWeb_Server", "TangyWeb_Server\TangyWeb_Server.csproj", "{EB9E2A98-6EE9-4097-AE95-2BB74B8381F7}"
EndProject
Global
	GlobalSection(SolutionConfigurationPlatforms) = preSolution
		Debug|Any CPU = Debug|Any CPU
		Release|Any CPU = Release|Any CPU
	EndGlobalSection
	GlobalSection(ProjectConfigurationPlatforms) = postSolution
		{EB9E2A98-6EE9-4097-AE95-2BB74B8381F7}.Debug|Any CPU.ActiveCfg = Debug|Any CPU
		{EB9E2A98-6EE9-4097-AE95-2BB74B8381F7}.Debug|Any CPU.Build.0 = Debug|Any CPU
		{EB9E2A98-6EE9-4097-AE95-2BB74B8381F7}.Release|Any CPU.ActiveCfg = Release|Any CPU
		{EB9E2A98-6EE9-4097-AE95-2BB74B8381F7}.Release|Any CPU.Build.0 = Release|Any CPU
	EndGlobalSection
	GlobalSection(SolutionProperties) = preSolution
		HideSolutionNode = FALSE
	EndGlobalSection
	GlobalSection(ExtensibilityGlobals) = postSolution
		SolutionGuid = {955D4631-D05A-4D2A-9E69-5DFEAFD3B018}
	EndGlobalSection
EndGlobal
